
Microsoft Visual Studio Solution File, Format Version 12.00
# Visual Studio Version 17
VisualStudioVersion = 17.9.34607.119
MinimumVisualStudioVersion = 10.0.40219.1
Project("{FAE04EC0-301F-11D3-BF4B-00C04F79EFBC}") = "Center Booking Devices", "Center Booking Devices.csproj", "{D21D01C5-BE55-4F76-94A6-C8F039639BF0}"
EndProject
Project("{FAE04EC0-301F-11D3-BF4B-00C04F79EFBC}") = "Center Booking", "..\Center Booking\Center Booking.csproj", "{F53476E7-E912-4FE4-BBC7-B9EEAA1578FC}"
EndProject
Global
	GlobalSection(SolutionConfigurationPlatforms) = preSolution
		Debug|Any CPU = Debug|Any CPU
		Release|Any CPU = Release|Any CPU
	EndGlobalSection
	GlobalSection(ProjectConfigurationPlatforms) = postSolution
		{D21D01C5-BE55-4F76-94A6-C8F039639BF0}.Debug|Any CPU.ActiveCfg = Debug|Any CPU
		{D21D01C5-BE55-4F76-94A6-C8F039639BF0}.Debug|Any CPU.Build.0 = Debug|Any CPU
		{D21D01C5-BE55-4F76-94A6-C8F039639BF0}.Release|Any CPU.ActiveCfg = Release|Any CPU
		{D21D01C5-BE55-4F76-94A6-C8F039639BF0}.Release|Any CPU.Build.0 = Release|Any CPU
		{F53476E7-E912-4FE4-BBC7-B9EEAA1578FC}.Debug|Any CPU.ActiveCfg = Debug|Any CPU
		{F53476E7-E912-4FE4-BBC7-B9EEAA1578FC}.Debug|Any CPU.Build.0 = Debug|Any CPU
		{F53476E7-E912-4FE4-BBC7-B9EEAA1578FC}.Release|Any CPU.ActiveCfg = Release|Any CPU
		{F53476E7-E912-4FE4-BBC7-B9EEAA1578FC}.Release|Any CPU.Build.0 = Release|Any CPU
	EndGlobalSection
	GlobalSection(SolutionProperties) = preSolution
		HideSolutionNode = FALSE
	EndGlobalSection
	GlobalSection(ExtensibilityGlobals) = postSolution
		SolutionGuid = {61CE6E91-7E80-45FC-AD0D-8367D403E630}
	EndGlobalSection
EndGlobal
